{
  "name": "q_5",
  "version": "1.0.0",
  "lockfileVersion": 2,
  "requires": true,
  "packages": {
    "": {
      "name": "q_5",
      "version": "1.0.0",
      "license": "ISC",
      "dependencies": {
        "timezone-js": "^0.4.13"
      }
    },
    "node_modules/timezone-js": {
      "version": "0.4.13",
      "resolved": "https://registry.npmjs.org/timezone-js/-/timezone-js-0.4.13.tgz",
      "integrity": "sha512-DEpVFNWDqXh3Ljro8XIY3IzC8FbdfVF/Xme4IheEokDNmy6mncBinXk32Ul1dqOlKwMEvG0t4tcgKI7+SXD+JA==",
      "deprecated": "This package is no longer maintained.",
      "engines": {
        "node": "*"
      }
    }
  },
  "dependencies": {
    "timezone-js": {
      "version": "0.4.13",
      "resolved": "https://registry.npmjs.org/timezone-js/-/timezone-js-0.4.13.tgz",
      "integrity": "sha512-DEpVFNWDqXh3Ljro8XIY3IzC8FbdfVF/Xme4IheEokDNmy6mncBinXk32Ul1dqOlKwMEvG0t4tcgKI7+SXD+JA=="
    }
  }
}
